
Microsoft Visual Studio Solution File, Format Version 12.00
# Visual Studio Version 17
VisualStudioVersion = 17.3.32819.101
MinimumVisualStudioVersion = 10.0.40219.1
Project("{8BC9CEB8-8B4A-11D0-8D11-00A0C91BC942}") = "Project1", "Project1\Project1.vcxproj", "{19FAFC3E-B8BE-44AB-9824-2BDB875165C7}"
EndProject
Global
	GlobalSection(SolutionConfigurationPlatforms) = preSolution
		Debug|x64 = Debug|x64
		Debug|x86 = Debug|x86
		Release|x64 = Release|x64
		Release|x86 = Release|x86
	EndGlobalSection
	GlobalSection(ProjectConfigurationPlatforms) = postSolution
		{19FAFC3E-B8BE-44AB-9824-2BDB875165C7}.Debug|x64.ActiveCfg = Debug|x64
		{19FAFC3E-B8BE-44AB-9824-2BDB875165C7}.Debug|x64.Build.0 = Debug|x64
		{19FAFC3E-B8BE-44AB-9824-2BDB875165C7}.Debug|x86.ActiveCfg = Debug|Win32
		{19FAFC3E-B8BE-44AB-9824-2BDB875165C7}.Debug|x86.Build.0 = Debug|Win32
		{19FAFC3E-B8BE-44AB-9824-2BDB875165C7}.Release|x64.ActiveCfg = Release|x64
		{19FAFC3E-B8BE-44AB-9824-2BDB875165C7}.Release|x64.Build.0 = Release|x64
		{19FAFC3E-B8BE-44AB-9824-2BDB875165C7}.Release|x86.ActiveCfg = Release|Win32
		{19FAFC3E-B8BE-44AB-9824-2BDB875165C7}.Release|x86.Build.0 = Release|Win32
	EndGlobalSection
	GlobalSection(SolutionProperties) = preSolution
		HideSolutionNode = FALSE
	EndGlobalSection
	GlobalSection(ExtensibilityGlobals) = postSolution
		SolutionGuid = {BB61B745-09F2-4735-A30B-53AF34333F5B}
	EndGlobalSection
EndGlobal
